
Microsoft Visual Studio Solution File, Format Version 12.00
# Visual Studio Version 16
VisualStudioVersion = 16.0.30204.135
MinimumVisualStudioVersion = 10.0.40219.1
Project("{8BC9CEB8-8B4A-11D0-8D11-00A0C91BC942}") = "digitizer_pc", "digitizer_pc.vcxproj", "{82310BB8-C5D5-3B17-A548-C2BB9508DC20}"
EndProject
Global
	GlobalSection(SolutionConfigurationPlatforms) = preSolution
		Debug|x86 = Debug|x86
		Release|x86 = Release|x86
	EndGlobalSection
	GlobalSection(ProjectConfigurationPlatforms) = postSolution
		{82310BB8-C5D5-3B17-A548-C2BB9508DC20}.Debug|x86.ActiveCfg = Debug|Win32
		{82310BB8-C5D5-3B17-A548-C2BB9508DC20}.Debug|x86.Build.0 = Debug|Win32
		{82310BB8-C5D5-3B17-A548-C2BB9508DC20}.Release|x86.ActiveCfg = Release|Win32
		{82310BB8-C5D5-3B17-A548-C2BB9508DC20}.Release|x86.Build.0 = Release|Win32
	EndGlobalSection
	GlobalSection(SolutionProperties) = preSolution
		HideSolutionNode = FALSE
	EndGlobalSection
	GlobalSection(ExtensibilityGlobals) = postSolution
		SolutionGuid = {F7C212F5-A1AF-4F9E-BA9B-F25742733724}
	EndGlobalSection
EndGlobal
